// !$*UTF8*$!
{
	archiveVersion = 1;
	classes = {
	};
	objectVersion = 50;
	objects = {

/* Begin PBXBuildFile section */
		A1039BA92716CB7000ED0553 /* AppDelegate.swift in Sources */ = {isa = PBXBuildFile; fileRef = A1039BA82716CB7000ED0553 /* AppDelegate.swift */; };
		A1039BAB2716CB7000ED0553 /* SceneDelegate.swift in Sources */ = {isa = PBXBuildFile; fileRef = A1039BAA2716CB7000ED0553 /* SceneDelegate.swift */; };
		A1039BAD2716CB7000ED0553 /* ViewController.swift in Sources */ = {isa = PBXBuildFile; fileRef = A1039BAC2716CB7000ED0553 /* ViewController.swift */; };
		A1039BB02716CB7000ED0553 /* Main.storyboard in Resources */ = {isa = PBXBuildFile; fileRef = A1039BAE2716CB7000ED0553 /* Main.storyboard */; };
		A1039BB22716CB7300ED0553 /* Assets.xcassets in Resources */ = {isa = PBXBuildFile; fileRef = A1039BB12716CB7300ED0553 /* Assets.xcassets */; };
		A1039BB52716CB7300ED0553 /* LaunchScreen.storyboard in Resources */ = {isa = PBXBuildFile; fileRef = A1039BB32716CB7300ED0553 /* LaunchScreen.storyboard */; };
		A1039BC02716CB7300ED0553 /* NYTimesNewsTests.swift in Sources */ = {isa = PBXBuildFile; fileRef = A1039BBF2716CB7300ED0553 /* NYTimesNewsTests.swift */; };
		A1039BCB2716CB7300ED0553 /* NYTimesNewsUITests.swift in Sources */ = {isa = PBXBuildFile; fileRef = A1039BCA2716CB7300ED0553 /* NYTimesNewsUITests.swift */; };
/* End PBXBuildFile section */

/* Begin PBXContainerItemProxy section */
		A1039BBC2716CB7300ED0553 /* PBXContainerItemProxy */ = {
			isa = PBXContainerItemProxy;
			containerPortal = A1039B9D2716CB7000ED0553 /* Project object */;
			proxyType = 1;
			remoteGlobalIDString = A1039BA42716CB7000ED0553;
			remoteInfo = NYTimesNews;
		};
		A1039BC72716CB7300ED0553 /* PBXContainerItemProxy */ = {
			isa = PBXContainerItemProxy;
			containerPortal = A1039B9D2716CB7000ED0553 /* Project object */;
			proxyType = 1;
			remoteGlobalIDString = A1039BA42716CB7000ED0553;
			remoteInfo = NYTimesNews;
		};
/* End PBXContainerItemProxy section */

/* Begin PBXFileReference section */
		A1039BA52716CB7000ED0553 /* NYTimesNews.app */ = {isa = PBXFileReference; explicitFileType = wrapper.application; includeInIndex = 0; path = NYTimesNews.app; sourceTree = BUILT_PRODUCTS_DIR; };
		A1039BA82716CB7000ED0553 /* AppDelegate.swift */ = {isa = PBXFileReference; lastKnownFileType = sourcecode.swift; path = AppDelegate.swift; sourceTree = "<group>"; };
		A1039BAA2716CB7000ED0553 /* SceneDelegate.swift */ = {isa = PBXFileReference; lastKnownFileType = sourcecode.swift; path = SceneDelegate.swift; sourceTree = "<group>"; };
		A1039BAC2716CB7000ED0553 /* ViewController.swift */ = {isa = PBXFileReference; lastKnownFileType = sourcecode.swift; path = ViewController.swift; sourceTree = "<group>"; };
		A1039BAF2716CB7000ED0553 /* Base */ = {isa = PBXFileReference; lastKnownFileType = file.storyboard; name = Base; path = Base.lproj/Main.storyboard; sourceTree = "<group>"; };
		A1039BB12716CB7300ED0553 /* Assets.xcassets */ = {isa = PBXFileReference; lastKnownFileType = folder.assetcatalog; path = Assets.xcassets; sourceTree = "<group>"; };
		A1039BB42716CB7300ED0553 /* Base */ = {isa = PBXFileReference; lastKnownFileType = file.storyboard; name = Base; path = Base.lproj/LaunchScreen.storyboard; sourceTree = "<group>"; };
		A1039BB62716CB7300ED0553 /* Info.plist */ = {isa = PBXFileReference; lastKnownFileType = text.plist.xml; path = Info.plist; sourceTree = "<group>"; };
		A1039BBB2716CB7300ED0553 /* NYTimesNewsTests.xctest */ = {isa = PBXFileReference; explicitFileType = wrapper.cfbundle; includeInIndex = 0; path = NYTimesNewsTests.xctest; sourceTree = BUILT_PRODUCTS_DIR; };
		A1039BBF2716CB7300ED0553 /* NYTimesNewsTests.swift */ = {isa = PBXFileReference; lastKnownFileType = sourcecode.swift; path = NYTimesNewsTests.swift; sourceTree = "<group>"; };
		A1039BC12716CB7300ED0553 /* Info.plist */ = {isa = PBXFileReference; lastKnownFileType = text.plist.xml; path = Info.plist; sourceTree = "<group>"; };
		A1039BC62716CB7300ED0553 /* NYTimesNewsUITests.xctest */ = {isa = PBXFileReference; explicitFileType = wrapper.cfbundle; includeInIndex = 0; path = NYTimesNewsUITests.xctest; sourceTree = BUILT_PRODUCTS_DIR; };
		A1039BCA2716CB7300ED0553 /* NYTimesNewsUITests.swift */ = {isa = PBXFileReference; lastKnownFileType = sourcecode.swift; path = NYTimesNewsUITests.swift; sourceTree = "<group>"; };
		A1039BCC2716CB7300ED0553 /* Info.plist */ = {isa = PBXFileReference; lastKnownFileType = text.plist.xml; path = Info.plist; sourceTree = "<group>"; };
/* End PBXFileReference section */

/* Begin PBXFrameworksBuildPhase section */
		A1039BA22716CB7000ED0553 /* Frameworks */ = {
			isa = PBXFrameworksBuildPhase;
			buildActionMask = 2147483647;
			files = (
			);
			runOnlyForDeploymentPostprocessing = 0;
		};
		A1039BB82716CB7300ED0553 /* Frameworks */ = {
			isa = PBXFrameworksBuildPhase;
			buildActionMask = 2147483647;
			files = (
			);
			runOnlyForDeploymentPostprocessing = 0;
		};
		A1039BC32716CB7300ED0553 /* Frameworks */ = {
			isa = PBXFrameworksBuildPhase;
			buildActionMask = 2147483647;
			files = (
			);
			runOnlyForDeploymentPostprocessing = 0;
		};
/* End PBXFrameworksBuildPhase section */

/* Begin PBXGroup section */
		A1039B9C2716CB7000ED0553 = {
			isa = PBXGroup;
			children = (
				A1039BA72716CB7000ED0553 /* NYTimesNews */,
				A1039BBE2716CB7300ED0553 /* NYTimesNewsTests */,
				A1039BC92716CB7300ED0553 /* NYTimesNewsUITests */,
				A1039BA62716CB7000ED0553 /* Products */,
			);
			sourceTree = "<group>";
		};
		A1039BA62716CB7000ED0553 /* Products */ = {
			isa = PBXGroup;
			children = (
				A1039BA52716CB7000ED0553 /* NYTimesNews.app */,
				A1039BBB2716CB7300ED0553 /* NYTimesNewsTests.xctest */,
				A1039BC62716CB7300ED0553 /* NYTimesNewsUITests.xctest */,
			);
			name = Products;
			sourceTree = "<group>";
		};
		A1039BA72716CB7000ED0553 /* NYTimesNews */ = {
			isa = PBXGroup;
			children = (
				A1039BA82716CB7000ED0553 /* AppDelegate.swift */,
				A1039BAA2716CB7000ED0553 /* SceneDelegate.swift */,
				A1039BAC2716CB7000ED0553 /* ViewController.swift */,
				A1039BAE2716CB7000ED0553 /* Main.storyboard */,
				A1039BB12716CB7300ED0553 /* Assets.xcassets */,
				A1039BB32716CB7300ED0553 /* LaunchScreen.storyboard */,
				A1039BB62716CB7300ED0553 /* Info.plist */,
			);
			path = NYTimesNews;
			sourceTree = "<group>";
		};
		A1039BBE2716CB7300ED0553 /* NYTimesNewsTests */ = {
			isa = PBXGroup;
			children = (
				A1039BBF2716CB7300ED0553 /* NYTimesNewsTests.swift */,
				A1039BC12716CB7300ED0553 /* Info.plist */,
			);
			path = NYTimesNewsTests;
			sourceTree = "<group>";
		};
		A1039BC92716CB7300ED0553 /* NYTimesNewsUITests */ = {
			isa = PBXGroup;
			children = (
				A1039BCA2716CB7300ED0553 /* NYTimesNewsUITests.swift */,
				A1039BCC2716CB7300ED0553 /* Info.plist */,
			);
			path = NYTimesNewsUITests;
			sourceTree = "<group>";
		};
/* End PBXGroup section */

/* Begin PBXNativeTarget section */
		A1039BA42716CB7000ED0553 /* NYTimesNews */ = {
			isa = PBXNativeTarget;
			buildConfigurationList = A1039BCF2716CB7300ED0553 /* Build configuration list for PBXNativeTarget "NYTimesNews" */;
			buildPhases = (
				A1039BA12716CB7000ED0553 /* Sources */,
				A1039BA22716CB7000ED0553 /* Frameworks */,
				A1039BA32716CB7000ED0553 /* Resources */,
			);
			buildRules = (
			);
			dependencies = (
			);
			name = NYTimesNews;
			productName = NYTimesNews;
			productReference = A1039BA52716CB7000ED0553 /* NYTimesNews.app */;
			productType = "com.apple.product-type.application";
		};
		A1039BBA2716CB7300ED0553 /* NYTimesNewsTests */ = {
			isa = PBXNativeTarget;
			buildConfigurationList = A1039BD22716CB7300ED0553 /* Build configuration list for PBXNativeTarget "NYTimesNewsTests" */;
			buildPhases = (
				A1039BB72716CB7300ED0553 /* Sources */,
				A1039BB82716CB7300ED0553 /* Frameworks */,
				A1039BB92716CB7300ED0553 /* Resources */,
			);
			buildRules = (
			);
			dependencies = (
				A1039BBD2716CB7300ED0553 /* PBXTargetDependency */,
			);
			name = NYTimesNewsTests;
			productName = NYTimesNewsTests;
			productReference = A1039BBB2716CB7300ED0553 /* NYTimesNewsTests.xctest */;
			productType = "com.apple.product-type.bundle.unit-test";
		};
		A1039BC52716CB7300ED0553 /* NYTimesNewsUITests */ = {
			isa = PBXNativeTarget;
			buildConfigurationList = A1039BD52716CB7300ED0553 /* Build configuration list for PBXNativeTarget "NYTimesNewsUITests" */;
			buildPhases = (
				A1039BC22716CB7300ED0553 /* Sources */,
				A1039BC32716CB7300ED0553 /* Frameworks */,
				A1039BC42716CB7300ED0553 /* Resources */,
			);
			buildRules = (
			);
			dependencies = (
				A1039BC82716CB7300ED0553 /* PBXTargetDependency */,
			);
			name = NYTimesNewsUITests;
			productName = NYTimesNewsUITests;
			productReference = A1039BC62716CB7300ED0553 /* NYTimesNewsUITests.xctest */;
			productType = "com.apple.product-type.bundle.ui-testing";
		};
/* End PBXNativeTarget section */

/* Begin PBXProject section */
		A1039B9D2716CB7000ED0553 /* Project object */ = {
			isa = PBXProject;
			attributes = {
				LastSwiftUpdateCheck = 1250;
				LastUpgradeCheck = 1250;
				TargetAttributes = {
					A1039BA42716CB7000ED0553 = {
						CreatedOnToolsVersion = 12.5;
					};
					A1039BBA2716CB7300ED0553 = {
						CreatedOnToolsVersion = 12.5;
						TestTargetID = A1039BA42716CB7000ED0553;
					};
					A1039BC52716CB7300ED0553 = {
						CreatedOnToolsVersion = 12.5;
						TestTargetID = A1039BA42716CB7000ED0553;
					};
				};
			};
			buildConfigurationList = A1039BA02716CB7000ED0553 /* Build configuration list for PBXProject "NYTimesNews" */;
			compatibilityVersion = "Xcode 9.3";
			developmentRegion = en;
			hasScannedForEncodings = 0;
			knownRegions = (
				en,
				Base,
			);
			mainGroup = A1039B9C2716CB7000ED0553;
			productRefGroup = A1039BA62716CB7000ED0553 /* Products */;
			projectDirPath = "";
			projectRoot = "";
			targets = (
				A1039BA42716CB7000ED0553 /* NYTimesNews */,
				A1039BBA2716CB7300ED0553 /* NYTimesNewsTests */,
				A1039BC52716CB7300ED0553 /* NYTimesNewsUITests */,
			);
		};
/* End PBXProject section */

/* Begin PBXResourcesBuildPhase section */
		A1039BA32716CB7000ED0553 /* Resources */ = {
			isa = PBXResourcesBuildPhase;
			buildActionMask = 2147483647;
			files = (
				A1039BB52716CB7300ED0553 /* LaunchScreen.storyboard in Resources */,
				A1039BB22716CB7300ED0553 /* Assets.xcassets in Resources */,
				A1039BB02716CB7000ED0553 /* Main.storyboard in Resources */,
			);
			runOnlyForDeploymentPostprocessing = 0;
		};
		A1039BB92716CB7300ED0553 /* Resources */ = {
			isa = PBXResourcesBuildPhase;
			buildActionMask = 2147483647;
			files = (
			);
			runOnlyForDeploymentPostprocessing = 0;
		};
		A1039BC42716CB7300ED0553 /* Resources */ = {
			isa = PBXResourcesBuildPhase;
			buildActionMask = 2147483647;
			files = (
			);
			runOnlyForDeploymentPostprocessing = 0;
		};
/* End PBXResourcesBuildPhase section */

/* Begin PBXSourcesBuildPhase section */
		A1039BA12716CB7000ED0553 /* Sources */ = {
			isa = PBXSourcesBuildPhase;
			buildActionMask = 2147483647;
			files = (
				A1039BAD2716CB7000ED0553 /* ViewController.swift in Sources */,
				A1039BA92716CB7000ED0553 /* AppDelegate.swift in Sources */,
				A1039BAB2716CB7000ED0553 /* SceneDelegate.swift in Sources */,
			);
			runOnlyForDeploymentPostprocessing = 0;
		};
		A1039BB72716CB7300ED0553 /* Sources */ = {
			isa = PBXSourcesBuildPhase;
			buildActionMask = 2147483647;
			files = (
				A1039BC02716CB7300ED0553 /* NYTimesNewsTests.swift in Sources */,
			);
			runOnlyForDeploymentPostprocessing = 0;
		};
		A1039BC22716CB7300ED0553 /* Sources */ = {
			isa = PBXSourcesBuildPhase;
			buildActionMask = 2147483647;
			files = (
				A1039BCB2716CB7300ED0553 /* NYTimesNewsUITests.swift in Sources */,
			);
			runOnlyForDeploymentPostprocessing = 0;
		};
/* End PBXSourcesBuildPhase section */

/* Begin PBXTargetDependency section */
		A1039BBD2716CB7300ED0553 /* PBXTargetDependency */ = {
			isa = PBXTargetDependency;
			target = A1039BA42716CB7000ED0553 /* NYTimesNews */;
			targetProxy = A1039BBC2716CB7300ED0553 /* PBXContainerItemProxy */;
		};
		A1039BC82716CB7300ED0553 /* PBXTargetDependency */ = {
			isa = PBXTargetDependency;
			target = A1039BA42716CB7000ED0553 /* NYTimesNews */;
			targetProxy = A1039BC72716CB7300ED0553 /* PBXContainerItemProxy */;
		};
/* End PBXTargetDependency section */

/* Begin PBXVariantGroup section */
		A1039BAE2716CB7000ED0553 /* Main.storyboard */ = {
			isa = PBXVariantGroup;
			children = (
				A1039BAF2716CB7000ED0553 /* Base */,
			);
			name = Main.storyboard;
			sourceTree = "<group>";
		};
		A1039BB32716CB7300ED0553 /* LaunchScreen.storyboard */ = {
			isa = PBXVariantGroup;
			children = (
				A1039BB42716CB7300ED0553 /* Base */,
			);
			name = LaunchScreen.storyboard;
			sourceTree = "<group>";
		};
/* End PBXVariantGroup section */

/* Begin XCBuildConfiguration section */
		A1039BCD2716CB7300ED0553 /* Debug */ = {
			isa = XCBuildConfiguration;
			buildSettings = {
				ALWAYS_SEARCH_USER_PATHS = NO;
				CLANG_ANALYZER_NONNULL = YES;
				CLANG_ANALYZER_NUMBER_OBJECT_CONVERSION = YES_AGGRESSIVE;
				CLANG_CXX_LANGUAGE_STANDARD = "gnu++14";
				CLANG_CXX_LIBRARY = "libc++";
				CLANG_ENABLE_MODULES = YES;
				CLANG_ENABLE_OBJC_ARC = YES;
				CLANG_ENABLE_OBJC_WEAK = YES;
				CLANG_WARN_BLOCK_CAPTURE_AUTORELEASING = YES;
				CLANG_WARN_BOOL_CONVERSION = YES;
				CLANG_WARN_COMMA = YES;
				CLANG_WARN_CONSTANT_CONVERSION = YES;
				CLANG_WARN_DEPRECATED_OBJC_IMPLEMENTATIONS = YES;
				CLANG_WARN_DIRECT_OBJC_ISA_USAGE = YES_ERROR;
				CLANG_WARN_DOCUMENTATION_COMMENTS = YES;
				CLANG_WARN_EMPTY_BODY = YES;
				CLANG_WARN_ENUM_CONVERSION = YES;
				CLANG_WARN_INFINITE_RECURSION = YES;
				CLANG_WARN_INT_CONVERSION = YES;
				CLANG_WARN_NON_LITERAL_NULL_CONVERSION = YES;
				CLANG_WARN_OBJC_IMPLICIT_RETAIN_SELF = YES;
				CLANG_WARN_OBJC_LITERAL_CONVERSION = YES;
				CLANG_WARN_OBJC_ROOT_CLASS = YES_ERROR;
				CLANG_WARN_QUOTED_INCLUDE_IN_FRAMEWORK_HEADER = YES;
				CLANG_WARN_RANGE_LOOP_ANALYSIS = YES;
				CLANG_WARN_STRICT_PROTOTYPES = YES;
				CLANG_WARN_SUSPICIOUS_MOVE = YES;
				CLANG_WARN_UNGUARDED_AVAILABILITY = YES_AGGRESSIVE;
				CLANG_WARN_UNREACHABLE_CODE = YES;
				CLANG_WARN__DUPLICATE_METHOD_MATCH = YES;
				COPY_PHASE_STRIP = NO;
				DEBUG_INFORMATION_FORMAT = dwarf;
				ENABLE_STRICT_OBJC_MSGSEND = YES;
				ENABLE_TESTABILITY = YES;
				GCC_C_LANGUAGE_STANDARD = gnu11;
				GCC_DYNAMIC_NO_PIC = NO;
				GCC_NO_COMMON_BLOCKS = YES;
				GCC_OPTIMIZATION_LEVEL = 0;
				GCC_PREPROCESSOR_DEFINITIONS = (
					"DEBUG=1",
					"$(inherited)",
				);
				GCC_WARN_64_TO_32_BIT_CONVERSION = YES;
				GCC_WARN_ABOUT_RETURN_TYPE = YES_ERROR;
				GCC_WARN_UNDECLARED_SELECTOR = YES;
				GCC_WARN_UNINITIALIZED_AUTOS = YES_AGGRESSIVE;
				GCC_WARN_UNUSED_FUNCTION = YES;
				GCC_WARN_UNUSED_VARIABLE = YES;
				IPHONEOS_DEPLOYMENT_TARGET = 14.5;
				MTL_ENABLE_DEBUG_INFO = INCLUDE_SOURCE;
				MTL_FAST_MATH = YES;
				ONLY_ACTIVE_ARCH = YES;
				SDKROOT = iphoneos;
				SWIFT_ACTIVE_COMPILATION_CONDITIONS = DEBUG;
				SWIFT_OPTIMIZATION_LEVEL = "-Onone";
			};
			name = Debug;
		};
		A1039BCE2716CB7300ED0553 /* Release */ = {
			isa = XCBuildConfiguration;
			buildSettings = {
				ALWAYS_SEARCH_USER_PATHS = NO;
				CLANG_ANALYZER_NONNULL = YES;
				CLANG_ANALYZER_NUMBER_OBJECT_CONVERSION = YES_AGGRESSIVE;
				CLANG_CXX_LANGUAGE_STANDARD = "gnu++14";
				CLANG_CXX_LIBRARY = "libc++";
				CLANG_ENABLE_MODULES = YES;
				CLANG_ENABLE_OBJC_ARC = YES;
				CLANG_ENABLE_OBJC_WEAK = YES;
				CLANG_WARN_BLOCK_CAPTURE_AUTORELEASING = YES;
				CLANG_WARN_BOOL_CONVERSION = YES;
				CLANG_WARN_COMMA = YES;
				CLANG_WARN_CONSTANT_CONVERSION = YES;
				CLANG_WARN_DEPRECATED_OBJC_IMPLEMENTATIONS = YES;
				CLANG_WARN_DIRECT_OBJC_ISA_USAGE = YES_ERROR;
				CLANG_WARN_DOCUMENTATION_COMMENTS = YES;
				CLANG_WARN_EMPTY_BODY = YES;
				CLANG_WARN_ENUM_CONVERSION = YES;
				CLANG_WARN_INFINITE_RECURSION = YES;
				CLANG_WARN_INT_CONVERSION = YES;
				CLANG_WARN_NON_LITERAL_NULL_CONVERSION = YES;
				CLANG_WARN_OBJC_IMPLICIT_RETAIN_SELF = YES;
				CLANG_WARN_OBJC_LITERAL_CONVERSION = YES;
				CLANG_WARN_OBJC_ROOT_CLASS = YES_ERROR;
				CLANG_WARN_QUOTED_INCLUDE_IN_FRAMEWORK_HEADER = YES;
				CLANG_WARN_RANGE_LOOP_ANALYSIS = YES;
				CLANG_WARN_STRICT_PROTOTYPES = YES;
				CLANG_WARN_SUSPICIOUS_MOVE = YES;
				CLANG_WARN_UNGUARDED_AVAILABILITY = YES_AGGRESSIVE;
				CLANG_WARN_UNREACHABLE_CODE = YES;
				CLANG_WARN__DUPLICATE_METHOD_MATCH = YES;
				COPY_PHASE_STRIP = NO;
				DEBUG_INFORMATION_FORMAT = "dwarf-with-dsym";
				ENABLE_NS_ASSERTIONS = NO;
				ENABLE_STRICT_OBJC_MSGSEND = YES;
				GCC_C_LANGUAGE_STANDARD = gnu11;
				GCC_NO_COMMON_BLOCKS = YES;
				GCC_WARN_64_TO_32_BIT_CONVERSION = YES;
				GCC_WARN_ABOUT_RETURN_TYPE = YES_ERROR;
				GCC_WARN_UNDECLARED_SELECTOR = YES;
				GCC_WARN_UNINITIALIZED_AUTOS = YES_AGGRESSIVE;
				GCC_WARN_UNUSED_FUNCTION = YES;
				GCC_WARN_UNUSED_VARIABLE = YES;
				IPHONEOS_DEPLOYMENT_TARGET = 14.5;
				MTL_ENABLE_DEBUG_INFO = NO;
				MTL_FAST_MATH = YES;
				SDKROOT = iphoneos;
				SWIFT_COMPILATION_MODE = wholemodule;
				SWIFT_OPTIMIZATION_LEVEL = "-O";
				VALIDATE_PRODUCT = YES;
			};
			name = Release;
		};
		A1039BD02716CB7300ED0553 /* Debug */ = {
			isa = XCBuildConfiguration;
			buildSettings = {
				ASSETCATALOG_COMPILER_APPICON_NAME = AppIcon;
				ASSETCATALOG_COMPILER_GLOBAL_ACCENT_COLOR_NAME = AccentColor;
				CODE_SIGN_STYLE = Automatic;
				DEVELOPMENT_TEAM = 36F936QK6T;
				INFOPLIST_FILE = NYTimesNews/Info.plist;
				LD_RUNPATH_SEARCH_PATHS = (
					"$(inherited)",
					"@executable_path/Frameworks",
				);
				PRODUCT_BUNDLE_IDENTIFIER = NP.NYTimesNews;
				PRODUCT_NAME = "$(TARGET_NAME)";
				SWIFT_VERSION = 5.0;
				TARGETED_DEVICE_FAMILY = "1,2";
			};
			name = Debug;
		};
		A1039BD12716CB7300ED0553 /* Release */ = {
			isa = XCBuildConfiguration;
			buildSettings = {
				ASSETCATALOG_COMPILER_APPICON_NAME = AppIcon;
				ASSETCATALOG_COMPILER_GLOBAL_ACCENT_COLOR_NAME = AccentColor;
				CODE_SIGN_STYLE = Automatic;
				DEVELOPMENT_TEAM = 36F936QK6T;
				INFOPLIST_FILE = NYTimesNews/Info.plist;
				LD_RUNPATH_SEARCH_PATHS = (
					"$(inherited)",
					"@executable_path/Frameworks",
				);
				PRODUCT_BUNDLE_IDENTIFIER = NP.NYTimesNews;
				PRODUCT_NAME = "$(TARGET_NAME)";
				SWIFT_VERSION = 5.0;
				TARGETED_DEVICE_FAMILY = "1,2";
			};
			name = Release;
		};
		A1039BD32716CB7300ED0553 /* Debug */ = {
			isa = XCBuildConfiguration;
			buildSettings = {
				ALWAYS_EMBED_SWIFT_STANDARD_LIBRARIES = YES;
				BUNDLE_LOADER = "$(TEST_HOST)";
				CODE_SIGN_STYLE = Automatic;
				DEVELOPMENT_TEAM = 36F936QK6T;
				INFOPLIST_FILE = NYTimesNewsTests/Info.plist;
				IPHONEOS_DEPLOYMENT_TARGET = 14.5;
				LD_RUNPATH_SEARCH_PATHS = (
					"$(inherited)",
					"@executable_path/Frameworks",
					"@loader_path/Frameworks",
				);
				PRODUCT_BUNDLE_IDENTIFIER = NP.NYTimesNewsTests;
				PRODUCT_NAME = "$(TARGET_NAME)";
				SWIFT_VERSION = 5.0;
				TARGETED_DEVICE_FAMILY = "1,2";
				TEST_HOST = "$(BUILT_PRODUCTS_DIR)/NYTimesNews.app/NYTimesNews";
			};
			name = Debug;
		};
		A1039BD42716CB7300ED0553 /* Release */ = {
			isa = XCBuildConfiguration;
			buildSettings = {
				ALWAYS_EMBED_SWIFT_STANDARD_LIBRARIES = YES;
				BUNDLE_LOADER = "$(TEST_HOST)";
				CODE_SIGN_STYLE = Automatic;
				DEVELOPMENT_TEAM = 36F936QK6T;
				INFOPLIST_FILE = NYTimesNewsTests/Info.plist;
				IPHONEOS_DEPLOYMENT_TARGET = 14.5;
				LD_RUNPATH_SEARCH_PATHS = (
					"$(inherited)",
					"@executable_path/Frameworks",
					"@loader_path/Frameworks",
				);
				PRODUCT_BUNDLE_IDENTIFIER = NP.NYTimesNewsTests;
				PRODUCT_NAME = "$(TARGET_NAME)";
				SWIFT_VERSION = 5.0;
				TARGETED_DEVICE_FAMILY = "1,2";
				TEST_HOST = "$(BUILT_PRODUCTS_DIR)/NYTimesNews.app/NYTimesNews";
			};
			name = Release;
		};
		A1039BD62716CB7300ED0553 /* Debug */ = {
			isa = XCBuildConfiguration;
			buildSettings = {
				ALWAYS_EMBED_SWIFT_STANDARD_LIBRARIES = YES;
				CODE_SIGN_STYLE = Automatic;
				DEVELOPMENT_TEAM = 36F936QK6T;
				INFOPLIST_FILE = NYTimesNewsUITests/Info.plist;
				LD_RUNPATH_SEARCH_PATHS = (
					"$(inherited)",
					"@executable_path/Frameworks",
					"@loader_path/Frameworks",
				);
				PRODUCT_BUNDLE_IDENTIFIER = NP.NYTimesNewsUITests;
				PRODUCT_NAME = "$(TARGET_NAME)";
				SWIFT_VERSION = 5.0;
				TARGETED_DEVICE_FAMILY = "1,2";
				TEST_TARGET_NAME = NYTimesNews;
			};
			name = Debug;
		};
		A1039BD72716CB7300ED0553 /* Release */ = {
			isa = XCBuildConfiguration;
			buildSettings = {
				ALWAYS_EMBED_SWIFT_STANDARD_LIBRARIES = YES;
				CODE_SIGN_STYLE = Automatic;
				DEVELOPMENT_TEAM = 36F936QK6T;
				INFOPLIST_FILE = NYTimesNewsUITests/Info.plist;
				LD_RUNPATH_SEARCH_PATHS = (
					"$(inherited)",
					"@executable_path/Frameworks",
					"@loader_path/Frameworks",
				);
				PRODUCT_BUNDLE_IDENTIFIER = NP.NYTimesNewsUITests;
				PRODUCT_NAME = "$(TARGET_NAME)";
				SWIFT_VERSION = 5.0;
				TARGETED_DEVICE_FAMILY = "1,2";
				TEST_TARGET_NAME = NYTimesNews;
			};
			name = Release;
		};
/* End XCBuildConfiguration section */

/* Begin XCConfigurationList section */
		A1039BA02716CB7000ED0553 /* Build configuration list for PBXProject "NYTimesNews" */ = {
			isa = XCConfigurationList;
			buildConfigurations = (
				A1039BCD2716CB7300ED0553 /* Debug */,
				A1039BCE2716CB7300ED0553 /* Release */,
			);
			defaultConfigurationIsVisible = 0;
			defaultConfigurationName = Release;
		};
		A1039BCF2716CB7300ED0553 /* Build configuration list for PBXNativeTarget "NYTimesNews" */ = {
			isa = XCConfigurationList;
			buildConfigurations = (
				A1039BD02716CB7300ED0553 /* Debug */,
				A1039BD12716CB7300ED0553 /* Release */,
			);
			defaultConfigurationIsVisible = 0;
			defaultConfigurationName = Release;
		};
		A1039BD22716CB7300ED0553 /* Build configuration list for PBXNativeTarget "NYTimesNewsTests" */ = {
			isa = XCConfigurationList;
			buildConfigurations = (
				A1039BD32716CB7300ED0553 /* Debug */,
				A1039BD42716CB7300ED0553 /* Release */,
			);
			defaultConfigurationIsVisible = 0;
			defaultConfigurationName = Release;
		};
		A1039BD52716CB7300ED0553 /* Build configuration list for PBXNativeTarget "NYTimesNewsUITests" */ = {
			isa = XCConfigurationList;
			buildConfigurations = (
				A1039BD62716CB7300ED0553 /* Debug */,
				A1039BD72716CB7300ED0553 /* Release */,
			);
			defaultConfigurationIsVisible = 0;
			defaultConfigurationName = Release;
		};
/* End XCConfigurationList section */
	};
	rootObject = A1039B9D2716CB7000ED0553 /* Project object */;
}
